
Microsoft Visual Studio Solution File, Format Version 12.00
# Visual Studio 14
VisualStudioVersion = 14.0.25420.1
MinimumVisualStudioVersion = 10.0.40219.1
Project("{FAE04EC0-301F-11D3-BF4B-00C04F79EFBC}") = "Library.BLL", "Library.BLL\Library.BLL.csproj", "{903E4F16-98D6-443A-9311-50AC0FD7B1AB}"
EndProject
Project("{FAE04EC0-301F-11D3-BF4B-00C04F79EFBC}") = "Library.DAL", "Library.DAL\Library.DAL.csproj", "{451407CA-DA2A-4CBA-817B-D2B15CCC835A}"
EndProject
Project("{FAE04EC0-301F-11D3-BF4B-00C04F79EFBC}") = "Library.WEB.ViewModels", "Library.WEB.ViewModels\Library.WEB.ViewModels.csproj", "{92D91FEA-C957-4AD9-A1E7-F0DCE1051841}"
EndProject
Project("{FAE04EC0-301F-11D3-BF4B-00C04F79EFBC}") = "Library.WEB.ApiControllers", "..\..\!!!!Обучение Исак\Library 1\Library.WEB.ApiControllers\Library.WEB.ApiControllers.csproj", "{BCE4A61B-5D15-4BF8-BA72-C1CF0EA5DC23}"
EndProject
Project("{FAE04EC0-301F-11D3-BF4B-00C04F79EFBC}") = "Library.WEB", "..\..\!!!!Обучение Исак\Library 1\Library.WEB\Library.WEB.csproj", "{ECE65F1A-02E2-48CF-84EA-EC665FB3C339}"
EndProject
Global
	GlobalSection(SolutionConfigurationPlatforms) = preSolution
		Debug|Any CPU = Debug|Any CPU
		Release|Any CPU = Release|Any CPU
	EndGlobalSection
	GlobalSection(ProjectConfigurationPlatforms) = postSolution
		{903E4F16-98D6-443A-9311-50AC0FD7B1AB}.Debug|Any CPU.ActiveCfg = Debug|Any CPU
		{903E4F16-98D6-443A-9311-50AC0FD7B1AB}.Debug|Any CPU.Build.0 = Debug|Any CPU
		{903E4F16-98D6-443A-9311-50AC0FD7B1AB}.Release|Any CPU.ActiveCfg = Release|Any CPU
		{903E4F16-98D6-443A-9311-50AC0FD7B1AB}.Release|Any CPU.Build.0 = Release|Any CPU
		{451407CA-DA2A-4CBA-817B-D2B15CCC835A}.Debug|Any CPU.ActiveCfg = Debug|Any CPU
		{451407CA-DA2A-4CBA-817B-D2B15CCC835A}.Debug|Any CPU.Build.0 = Debug|Any CPU
		{451407CA-DA2A-4CBA-817B-D2B15CCC835A}.Release|Any CPU.ActiveCfg = Release|Any CPU
		{451407CA-DA2A-4CBA-817B-D2B15CCC835A}.Release|Any CPU.Build.0 = Release|Any CPU
		{92D91FEA-C957-4AD9-A1E7-F0DCE1051841}.Debug|Any CPU.ActiveCfg = Debug|Any CPU
		{92D91FEA-C957-4AD9-A1E7-F0DCE1051841}.Debug|Any CPU.Build.0 = Debug|Any CPU
		{92D91FEA-C957-4AD9-A1E7-F0DCE1051841}.Release|Any CPU.ActiveCfg = Release|Any CPU
		{92D91FEA-C957-4AD9-A1E7-F0DCE1051841}.Release|Any CPU.Build.0 = Release|Any CPU
		{BCE4A61B-5D15-4BF8-BA72-C1CF0EA5DC23}.Debug|Any CPU.ActiveCfg = Debug|Any CPU
		{BCE4A61B-5D15-4BF8-BA72-C1CF0EA5DC23}.Debug|Any CPU.Build.0 = Debug|Any CPU
		{BCE4A61B-5D15-4BF8-BA72-C1CF0EA5DC23}.Release|Any CPU.ActiveCfg = Release|Any CPU
		{BCE4A61B-5D15-4BF8-BA72-C1CF0EA5DC23}.Release|Any CPU.Build.0 = Release|Any CPU
		{ECE65F1A-02E2-48CF-84EA-EC665FB3C339}.Debug|Any CPU.ActiveCfg = Debug|Any CPU
		{ECE65F1A-02E2-48CF-84EA-EC665FB3C339}.Debug|Any CPU.Build.0 = Debug|Any CPU
		{ECE65F1A-02E2-48CF-84EA-EC665FB3C339}.Release|Any CPU.ActiveCfg = Release|Any CPU
		{ECE65F1A-02E2-48CF-84EA-EC665FB3C339}.Release|Any CPU.Build.0 = Release|Any CPU
	EndGlobalSection
	GlobalSection(SolutionProperties) = preSolution
		HideSolutionNode = FALSE
	EndGlobalSection
EndGlobal
